
Microsoft Visual Studio Solution File, Format Version 12.00
# Visual Studio 15
VisualStudioVersion = 15.0.27703.2000
MinimumVisualStudioVersion = 10.0.40219.1
Project("{FAE04EC0-301F-11D3-BF4B-00C04F79EFBC}") = "Specflow.RestSharp", "Specflow.RestSharp\Specflow.RestSharp.csproj", "{BCDD4B71-BFF9-4B09-B584-86E3B5EE64D4}"
EndProject
Global
	GlobalSection(SolutionConfigurationPlatforms) = preSolution
		Debug|Any CPU = Debug|Any CPU
		Release|Any CPU = Release|Any CPU
	EndGlobalSection
	GlobalSection(ProjectConfigurationPlatforms) = postSolution
		{BCDD4B71-BFF9-4B09-B584-86E3B5EE64D4}.Debug|Any CPU.ActiveCfg = Debug|Any CPU
		{BCDD4B71-BFF9-4B09-B584-86E3B5EE64D4}.Debug|Any CPU.Build.0 = Debug|Any CPU
		{BCDD4B71-BFF9-4B09-B584-86E3B5EE64D4}.Release|Any CPU.ActiveCfg = Release|Any CPU
		{BCDD4B71-BFF9-4B09-B584-86E3B5EE64D4}.Release|Any CPU.Build.0 = Release|Any CPU
	EndGlobalSection
	GlobalSection(SolutionProperties) = preSolution
		HideSolutionNode = FALSE
	EndGlobalSection
	GlobalSection(ExtensibilityGlobals) = postSolution
		SolutionGuid = {78C77EFC-9AC1-4263-B8B1-B71518FBE5F8}
	EndGlobalSection
EndGlobal
